// !$*UTF8*$!
{
	archiveVersion = 1;
	classes = {
	};
	objectVersion = 46;
	objects = {

/* Begin PBXBuildFile section */
		7241D1981D0DAA6C00A3AEBB /* PerformanceTests.cpp in Sources */ = {isa = PBXBuildFile; fileRef = 7241D1961D0DAA6C00A3AEBB /* PerformanceTests.cpp */; };
		7241D19B1D0DAB4A00A3AEBB /* TimeTest.cpp in Sources */ = {isa = PBXBuildFile; fileRef = 7241D1991D0DAB4A00A3AEBB /* TimeTest.cpp */; };
		7241D1A01D0DAE0C00A3AEBB /* Timer.cpp in Sources */ = {isa = PBXBuildFile; fileRef = 7241D19E1D0DAE0C00A3AEBB /* Timer.cpp */; };
		724E33981D1722850007E8CA /* GameIDHelper.cpp in Sources */ = {isa = PBXBuildFile; fileRef = 724E33901D1722850007E8CA /* GameIDHelper.cpp */; };
		724E33991D1722850007E8CA /* GameObject.cpp in Sources */ = {isa = PBXBuildFile; fileRef = 724E33921D1722850007E8CA /* GameObject.cpp */; };
		724E339A1D1722850007E8CA /* GameSystem.cpp in Sources */ = {isa = PBXBuildFile; fileRef = 724E33941D1722850007E8CA /* GameSystem.cpp */; };
		724E339B1D1722850007E8CA /* GameWorld.cpp in Sources */ = {isa = PBXBuildFile; fileRef = 724E33961D1722850007E8CA /* GameWorld.cpp */; };
		724E33B11D1724D10007E8CA /* libclang.dylib in Frameworks */ = {isa = PBXBuildFile; fileRef = 724E33B01D1724D10007E8CA /* libclang.dylib */; };
		724E33BC1D1749F10007E8CA /* Bitset.cpp in Sources */ = {isa = PBXBuildFile; fileRef = 724E33BA1D1749F10007E8CA /* Bitset.cpp */; };
		724E33C81D1872950007E8CA /* ClangUtil.cpp in Sources */ = {isa = PBXBuildFile; fileRef = 724E33BF1D1872950007E8CA /* ClangUtil.cpp */; };
		724E33C91D1872950007E8CA /* ScriptClass.cpp in Sources */ = {isa = PBXBuildFile; fileRef = 724E33C21D1872950007E8CA /* ScriptClass.cpp */; };
		724E33CA1D1872950007E8CA /* ScriptParser.cpp in Sources */ = {isa = PBXBuildFile; fileRef = 724E33C41D1872950007E8CA /* ScriptParser.cpp */; };
		724E33CB1D1872950007E8CA /* ScriptWorld.cpp in Sources */ = {isa = PBXBuildFile; fileRef = 724E33C61D1872950007E8CA /* ScriptWorld.cpp */; };
		724E33E21D19D7750007E8CA /* ScriptingTests.cpp in Sources */ = {isa = PBXBuildFile; fileRef = 724E33E01D19D7750007E8CA /* ScriptingTests.cpp */; };
		724E33E41D1F21A50007E8CA /* mainTypeToIndex.cpp in Sources */ = {isa = PBXBuildFile; fileRef = 724E33E31D1F21A50007E8CA /* mainTypeToIndex.cpp */; };
		726DFCED1D207A2600C862B7 /* TypeIndexList.cpp in Sources */ = {isa = PBXBuildFile; fileRef = 726DFCEC1D207A2600C862B7 /* TypeIndexList.cpp */; };
		72772F461D05F8D1005AC1D8 /* main.cpp in Sources */ = {isa = PBXBuildFile; fileRef = 72772F451D05F8D1005AC1D8 /* main.cpp */; };
		727734881D0C731D005AC1D8 /* LogicTests.cpp in Sources */ = {isa = PBXBuildFile; fileRef = 727734861D0C731D005AC1D8 /* LogicTests.cpp */; };
		7277348B1D0C76BD005AC1D8 /* UnitTest.cpp in Sources */ = {isa = PBXBuildFile; fileRef = 727734891D0C76BD005AC1D8 /* UnitTest.cpp */; };
/* End PBXBuildFile section */

/* Begin PBXCopyFilesBuildPhase section */
		72772F401D05F8D1005AC1D8 /* CopyFiles */ = {
			isa = PBXCopyFilesBuildPhase;
			buildActionMask = 2147483647;
			dstPath = /usr/share/man/man1/;
			dstSubfolderSpec = 0;
			files = (
			);
			runOnlyForDeploymentPostprocessing = 1;
		};
/* End PBXCopyFilesBuildPhase section */

/* Begin PBXFileReference section */
		7241D1961D0DAA6C00A3AEBB /* PerformanceTests.cpp */ = {isa = PBXFileReference; fileEncoding = 4; lastKnownFileType = sourcecode.cpp.cpp; path = PerformanceTests.cpp; sourceTree = "<group>"; };
		7241D1971D0DAA6C00A3AEBB /* PerformanceTests.hpp */ = {isa = PBXFileReference; fileEncoding = 4; lastKnownFileType = sourcecode.cpp.h; path = PerformanceTests.hpp; sourceTree = "<group>"; };
		7241D1991D0DAB4A00A3AEBB /* TimeTest.cpp */ = {isa = PBXFileReference; fileEncoding = 4; lastKnownFileType = sourcecode.cpp.cpp; path = TimeTest.cpp; sourceTree = "<group>"; };
		7241D19A1D0DAB4A00A3AEBB /* TimeTest.hpp */ = {isa = PBXFileReference; fileEncoding = 4; lastKnownFileType = sourcecode.cpp.h; path = TimeTest.hpp; sourceTree = "<group>"; };
		7241D19E1D0DAE0C00A3AEBB /* Timer.cpp */ = {isa = PBXFileReference; fileEncoding = 4; lastKnownFileType = sourcecode.cpp.cpp; path = Timer.cpp; sourceTree = "<group>"; };
		7241D19F1D0DAE0C00A3AEBB /* Timer.hpp */ = {isa = PBXFileReference; fileEncoding = 4; lastKnownFileType = sourcecode.cpp.h; path = Timer.hpp; sourceTree = "<group>"; };
		724E338F1D1722850007E8CA /* Container.hpp */ = {isa = PBXFileReference; fileEncoding = 4; lastKnownFileType = sourcecode.cpp.h; path = Container.hpp; sourceTree = "<group>"; };
		724E33901D1722850007E8CA /* GameIDHelper.cpp */ = {isa = PBXFileReference; fileEncoding = 4; lastKnownFileType = sourcecode.cpp.cpp; path = GameIDHelper.cpp; sourceTree = "<group>"; };
		724E33911D1722850007E8CA /* GameIDHelper.hpp */ = {isa = PBXFileReference; fileEncoding = 4; lastKnownFileType = sourcecode.cpp.h; path = GameIDHelper.hpp; sourceTree = "<group>"; };
		724E33921D1722850007E8CA /* GameObject.cpp */ = {isa = PBXFileReference; fileEncoding = 4; lastKnownFileType = sourcecode.cpp.cpp; path = GameObject.cpp; sourceTree = "<group>"; };
		724E33931D1722850007E8CA /* GameObject.hpp */ = {isa = PBXFileReference; fileEncoding = 4; lastKnownFileType = sourcecode.cpp.h; path = GameObject.hpp; sourceTree = "<group>"; };
		724E33941D1722850007E8CA /* GameSystem.cpp */ = {isa = PBXFileReference; fileEncoding = 4; lastKnownFileType = sourcecode.cpp.cpp; path = GameSystem.cpp; sourceTree = "<group>"; };
		724E33951D1722850007E8CA /* GameSystem.hpp */ = {isa = PBXFileReference; fileEncoding = 4; lastKnownFileType = sourcecode.cpp.h; path = GameSystem.hpp; sourceTree = "<group>"; };
		724E33961D1722850007E8CA /* GameWorld.cpp */ = {isa = PBXFileReference; fileEncoding = 4; lastKnownFileType = sourcecode.cpp.cpp; path = GameWorld.cpp; sourceTree = "<group>"; };
		724E33971D1722850007E8CA /* GameWorld.hpp */ = {isa = PBXFileReference; fileEncoding = 4; lastKnownFileType = sourcecode.cpp.h; path = GameWorld.hpp; sourceTree = "<group>"; };
		724E33B01D1724D10007E8CA /* libclang.dylib */ = {isa = PBXFileReference; lastKnownFileType = "compiled.mach-o.dylib"; path = libclang.dylib; sourceTree = "<group>"; };
		724E33BA1D1749F10007E8CA /* Bitset.cpp */ = {isa = PBXFileReference; fileEncoding = 4; lastKnownFileType = sourcecode.cpp.cpp; path = Bitset.cpp; sourceTree = "<group>"; };
		724E33BB1D1749F10007E8CA /* Bitset.hpp */ = {isa = PBXFileReference; fileEncoding = 4; lastKnownFileType = sourcecode.cpp.h; path = Bitset.hpp; sourceTree = "<group>"; };
		724E33BF1D1872950007E8CA /* ClangUtil.cpp */ = {isa = PBXFileReference; fileEncoding = 4; lastKnownFileType = sourcecode.cpp.cpp; path = ClangUtil.cpp; sourceTree = "<group>"; };
		724E33C01D1872950007E8CA /* ClangUtil.hpp */ = {isa = PBXFileReference; fileEncoding = 4; lastKnownFileType = sourcecode.cpp.h; path = ClangUtil.hpp; sourceTree = "<group>"; };
		724E33C21D1872950007E8CA /* ScriptClass.cpp */ = {isa = PBXFileReference; fileEncoding = 4; lastKnownFileType = sourcecode.cpp.cpp; path = ScriptClass.cpp; sourceTree = "<group>"; };
		724E33C31D1872950007E8CA /* ScriptClass.hpp */ = {isa = PBXFileReference; fileEncoding = 4; lastKnownFileType = sourcecode.cpp.h; path = ScriptClass.hpp; sourceTree = "<group>"; };
		724E33C41D1872950007E8CA /* ScriptParser.cpp */ = {isa = PBXFileReference; fileEncoding = 4; lastKnownFileType = sourcecode.cpp.cpp; path = ScriptParser.cpp; sourceTree = "<group>"; };
		724E33C51D1872950007E8CA /* ScriptParser.hpp */ = {isa = PBXFileReference; fileEncoding = 4; lastKnownFileType = sourcecode.cpp.h; path = ScriptParser.hpp; sourceTree = "<group>"; };
		724E33C61D1872950007E8CA /* ScriptWorld.cpp */ = {isa = PBXFileReference; fileEncoding = 4; lastKnownFileType = sourcecode.cpp.cpp; path = ScriptWorld.cpp; sourceTree = "<group>"; };
		724E33C71D1872950007E8CA /* ScriptWorld.hpp */ = {isa = PBXFileReference; fileEncoding = 4; lastKnownFileType = sourcecode.cpp.h; path = ScriptWorld.hpp; sourceTree = "<group>"; };
		724E33D61D1876A30007E8CA /* FieldInfoIndexer.hpp */ = {isa = PBXFileReference; lastKnownFileType = sourcecode.cpp.h; path = FieldInfoIndexer.hpp; sourceTree = "<group>"; };
		724E33D71D1876A30007E8CA /* GameSystem.hpp */ = {isa = PBXFileReference; lastKnownFileType = sourcecode.cpp.h; path = GameSystem.hpp; sourceTree = "<group>"; };
		724E33D81D1876A30007E8CA /* OpenGL.hpp */ = {isa = PBXFileReference; lastKnownFileType = sourcecode.cpp.h; path = OpenGL.hpp; sourceTree = "<group>"; };
		724E33D91D1876A30007E8CA /* scriptWorld_autogenerated.cpp */ = {isa = PBXFileReference; lastKnownFileType = sourcecode.cpp.cpp; path = scriptWorld_autogenerated.cpp; sourceTree = "<group>"; };
		724E33DB1D1879220007E8CA /* JsonSerializer.hpp */ = {isa = PBXFileReference; fileEncoding = 4; lastKnownFileType = sourcecode.cpp.h; path = JsonSerializer.hpp; sourceTree = "<group>"; };
		724E33DC1D1879220007E8CA /* minijson_reader.hpp */ = {isa = PBXFileReference; fileEncoding = 4; lastKnownFileType = sourcecode.cpp.h; path = minijson_reader.hpp; sourceTree = "<group>"; };
		724E33DD1D1879220007E8CA /* minijson_writer.hpp */ = {isa = PBXFileReference; fileEncoding = 4; lastKnownFileType = sourcecode.cpp.h; path = minijson_writer.hpp; sourceTree = "<group>"; };
		724E33DE1D1879220007E8CA /* TypeInfo.hpp */ = {isa = PBXFileReference; fileEncoding = 4; lastKnownFileType = sourcecode.cpp.h; path = TypeInfo.hpp; sourceTree = "<group>"; };
		724E33DF1D187AB90007E8CA /* ScriptExample.cpp */ = {isa = PBXFileReference; lastKnownFileType = sourcecode.cpp.cpp; path = ScriptExample.cpp; sourceTree = "<group>"; };
		724E33E01D19D7750007E8CA /* ScriptingTests.cpp */ = {isa = PBXFileReference; fileEncoding = 4; lastKnownFileType = sourcecode.cpp.cpp; path = ScriptingTests.cpp; sourceTree = "<group>"; };
		724E33E11D19D7750007E8CA /* ScriptingTests.hpp */ = {isa = PBXFileReference; fileEncoding = 4; lastKnownFileType = sourcecode.cpp.h; path = ScriptingTests.hpp; sourceTree = "<group>"; };
		724E33E31D1F21A50007E8CA /* mainTypeToIndex.cpp */ = {isa = PBXFileReference; fileEncoding = 4; lastKnownFileType = sourcecode.cpp.cpp; path = mainTypeToIndex.cpp; sourceTree = "<group>"; };
		726DFCEA1D20798500C862B7 /* TypeIndexList.hpp */ = {isa = PBXFileReference; fileEncoding = 4; lastKnownFileType = sourcecode.cpp.h; path = TypeIndexList.hpp; sourceTree = "<group>"; };
		726DFCEC1D207A2600C862B7 /* TypeIndexList.cpp */ = {isa = PBXFileReference; fileEncoding = 4; lastKnownFileType = sourcecode.cpp.cpp; path = TypeIndexList.cpp; sourceTree = "<group>"; };
		72772F421D05F8D1005AC1D8 /* EntitySystem */ = {isa = PBXFileReference; explicitFileType = "compiled.mach-o.executable"; includeInIndex = 0; path = EntitySystem; sourceTree = BUILT_PRODUCTS_DIR; };
		72772F451D05F8D1005AC1D8 /* main.cpp */ = {isa = PBXFileReference; lastKnownFileType = sourcecode.cpp.cpp; path = main.cpp; sourceTree = "<group>"; };
		727734821D0B5D0E005AC1D8 /* DirtyProperty.hpp */ = {isa = PBXFileReference; fileEncoding = 4; lastKnownFileType = sourcecode.cpp.h; path = DirtyProperty.hpp; sourceTree = "<group>"; };
		727734831D0B5D0E005AC1D8 /* Event.hpp */ = {isa = PBXFileReference; fileEncoding = 4; lastKnownFileType = sourcecode.cpp.h; path = Event.hpp; sourceTree = "<group>"; };
		727734841D0B5D0E005AC1D8 /* Property.hpp */ = {isa = PBXFileReference; fileEncoding = 4; lastKnownFileType = sourcecode.cpp.h; path = Property.hpp; sourceTree = "<group>"; };
		727734861D0C731D005AC1D8 /* LogicTests.cpp */ = {isa = PBXFileReference; fileEncoding = 4; lastKnownFileType = sourcecode.cpp.cpp; path = LogicTests.cpp; sourceTree = "<group>"; };
		727734871D0C731D005AC1D8 /* LogicTests.hpp */ = {isa = PBXFileReference; fileEncoding = 4; lastKnownFileType = sourcecode.cpp.h; path = LogicTests.hpp; sourceTree = "<group>"; };
		727734891D0C76BD005AC1D8 /* UnitTest.cpp */ = {isa = PBXFileReference; fileEncoding = 4; lastKnownFileType = sourcecode.cpp.cpp; path = UnitTest.cpp; sourceTree = "<group>"; };
		7277348A1D0C76BD005AC1D8 /* UnitTest.hpp */ = {isa = PBXFileReference; fileEncoding = 4; lastKnownFileType = sourcecode.cpp.h; path = UnitTest.hpp; sourceTree = "<group>"; };
/* End PBXFileReference section */

/* Begin PBXFrameworksBuildPhase section */
		72772F3F1D05F8D1005AC1D8 /* Frameworks */ = {
			isa = PBXFrameworksBuildPhase;
			buildActionMask = 2147483647;
			files = (
				724E33B11D1724D10007E8CA /* libclang.dylib in Frameworks */,
			);
			runOnlyForDeploymentPostprocessing = 0;
		};
/* End PBXFrameworksBuildPhase section */

/* Begin PBXGroup section */
		7241D19D1D0DAE0200A3AEBB /* Timing */ = {
			isa = PBXGroup;
			children = (
				7241D19E1D0DAE0C00A3AEBB /* Timer.cpp */,
				7241D19F1D0DAE0C00A3AEBB /* Timer.hpp */,
			);
			path = Timing;
			sourceTree = "<group>";
		};
		724E338E1D1722850007E8CA /* Core */ = {
			isa = PBXGroup;
			children = (
				724E338F1D1722850007E8CA /* Container.hpp */,
				724E33901D1722850007E8CA /* GameIDHelper.cpp */,
				724E33911D1722850007E8CA /* GameIDHelper.hpp */,
				724E33921D1722850007E8CA /* GameObject.cpp */,
				724E33931D1722850007E8CA /* GameObject.hpp */,
				724E33941D1722850007E8CA /* GameSystem.cpp */,
				724E33951D1722850007E8CA /* GameSystem.hpp */,
				724E33961D1722850007E8CA /* GameWorld.cpp */,
				724E33971D1722850007E8CA /* GameWorld.hpp */,
			);
			path = Core;
			sourceTree = "<group>";
		};
		724E339D1D17246F0007E8CA /* Serialization */ = {
			isa = PBXGroup;
			children = (
				724E33DB1D1879220007E8CA /* JsonSerializer.hpp */,
				724E33DC1D1879220007E8CA /* minijson_reader.hpp */,
				724E33DD1D1879220007E8CA /* minijson_writer.hpp */,
				724E33DE1D1879220007E8CA /* TypeInfo.hpp */,
				726DFCEA1D20798500C862B7 /* TypeIndexList.hpp */,
				726DFCEC1D207A2600C862B7 /* TypeIndexList.cpp */,
			);
			path = Serialization;
			sourceTree = "<group>";
		};
		724E33AF1D1724D10007E8CA /* Libs */ = {
			isa = PBXGroup;
			children = (
				724E33B01D1724D10007E8CA /* libclang.dylib */,
			);
			path = Libs;
			sourceTree = "<group>";
		};
		724E33BE1D1872950007E8CA /* Scripting */ = {
			isa = PBXGroup;
			children = (
				724E33D41D1876A30007E8CA /* ScriptInclude */,
				724E33BF1D1872950007E8CA /* ClangUtil.cpp */,
				724E33C01D1872950007E8CA /* ClangUtil.hpp */,
				724E33C21D1872950007E8CA /* ScriptClass.cpp */,
				724E33C31D1872950007E8CA /* ScriptClass.hpp */,
				724E33C41D1872950007E8CA /* ScriptParser.cpp */,
				724E33C51D1872950007E8CA /* ScriptParser.hpp */,
				724E33C61D1872950007E8CA /* ScriptWorld.cpp */,
				724E33C71D1872950007E8CA /* ScriptWorld.hpp */,
			);
			path = Scripting;
			sourceTree = "<group>";
		};
		724E33D41D1876A30007E8CA /* ScriptInclude */ = {
			isa = PBXGroup;
			children = (
				724E33D61D1876A30007E8CA /* FieldInfoIndexer.hpp */,
				724E33D71D1876A30007E8CA /* GameSystem.hpp */,
				724E33D81D1876A30007E8CA /* OpenGL.hpp */,
				724E33D91D1876A30007E8CA /* scriptWorld_autogenerated.cpp */,
			);
			path = ScriptInclude;
			sourceTree = "<group>";
		};
		72772F391D05F8D1005AC1D8 = {
			isa = PBXGroup;
			children = (
				72772F441D05F8D1005AC1D8 /* EntitySystem */,
				72772F431D05F8D1005AC1D8 /* Products */,
			);
			sourceTree = "<group>";
		};
		72772F431D05F8D1005AC1D8 /* Products */ = {
			isa = PBXGroup;
			children = (
				72772F421D05F8D1005AC1D8 /* EntitySystem */,
			);
			name = Products;
			sourceTree = "<group>";
		};
		72772F441D05F8D1005AC1D8 /* EntitySystem */ = {
			isa = PBXGroup;
			children = (
				724E33BE1D1872950007E8CA /* Scripting */,
				724E33AF1D1724D10007E8CA /* Libs */,
				724E339D1D17246F0007E8CA /* Serialization */,
				724E338E1D1722850007E8CA /* Core */,
				727734811D0B5D0E005AC1D8 /* Data */,
				727734851D0C72D6005AC1D8 /* Tests */,
				7241D19D1D0DAE0200A3AEBB /* Timing */,
				72772F451D05F8D1005AC1D8 /* main.cpp */,
				724E33DF1D187AB90007E8CA /* ScriptExample.cpp */,
				724E33E31D1F21A50007E8CA /* mainTypeToIndex.cpp */,
			);
			path = EntitySystem;
			sourceTree = "<group>";
		};
		727734811D0B5D0E005AC1D8 /* Data */ = {
			isa = PBXGroup;
			children = (
				727734821D0B5D0E005AC1D8 /* DirtyProperty.hpp */,
				727734831D0B5D0E005AC1D8 /* Event.hpp */,
				727734841D0B5D0E005AC1D8 /* Property.hpp */,
				724E33BA1D1749F10007E8CA /* Bitset.cpp */,
				724E33BB1D1749F10007E8CA /* Bitset.hpp */,
			);
			path = Data;
			sourceTree = "<group>";
		};
		727734851D0C72D6005AC1D8 /* Tests */ = {
			isa = PBXGroup;
			children = (
				727734861D0C731D005AC1D8 /* LogicTests.cpp */,
				727734871D0C731D005AC1D8 /* LogicTests.hpp */,
				7241D1961D0DAA6C00A3AEBB /* PerformanceTests.cpp */,
				7241D1971D0DAA6C00A3AEBB /* PerformanceTests.hpp */,
				727734891D0C76BD005AC1D8 /* UnitTest.cpp */,
				7277348A1D0C76BD005AC1D8 /* UnitTest.hpp */,
				7241D1991D0DAB4A00A3AEBB /* TimeTest.cpp */,
				7241D19A1D0DAB4A00A3AEBB /* TimeTest.hpp */,
				724E33E01D19D7750007E8CA /* ScriptingTests.cpp */,
				724E33E11D19D7750007E8CA /* ScriptingTests.hpp */,
			);
			path = Tests;
			sourceTree = "<group>";
		};
/* End PBXGroup section */

/* Begin PBXNativeTarget section */
		72772F411D05F8D1005AC1D8 /* EntitySystem */ = {
			isa = PBXNativeTarget;
			buildConfigurationList = 72772F491D05F8D1005AC1D8 /* Build configuration list for PBXNativeTarget "EntitySystem" */;
			buildPhases = (
				72772F3E1D05F8D1005AC1D8 /* Sources */,
				72772F3F1D05F8D1005AC1D8 /* Frameworks */,
				72772F401D05F8D1005AC1D8 /* CopyFiles */,
			);
			buildRules = (
			);
			dependencies = (
			);
			name = EntitySystem;
			productName = EntitySystem;
			productReference = 72772F421D05F8D1005AC1D8 /* EntitySystem */;
			productType = "com.apple.product-type.tool";
		};
/* End PBXNativeTarget section */

/* Begin PBXProject section */
		72772F3A1D05F8D1005AC1D8 /* Project object */ = {
			isa = PBXProject;
			attributes = {
				LastUpgradeCheck = 0720;
				ORGANIZATIONNAME = "Jeppe Nielsen";
				TargetAttributes = {
					72772F411D05F8D1005AC1D8 = {
						CreatedOnToolsVersion = 7.2;
					};
				};
			};
			buildConfigurationList = 72772F3D1D05F8D1005AC1D8 /* Build configuration list for PBXProject "EntitySystem" */;
			compatibilityVersion = "Xcode 3.2";
			developmentRegion = English;
			hasScannedForEncodings = 0;
			knownRegions = (
				en,
			);
			mainGroup = 72772F391D05F8D1005AC1D8;
			productRefGroup = 72772F431D05F8D1005AC1D8 /* Products */;
			projectDirPath = "";
			projectRoot = "";
			targets = (
				72772F411D05F8D1005AC1D8 /* EntitySystem */,
			);
		};
/* End PBXProject section */

/* Begin PBXSourcesBuildPhase section */
		72772F3E1D05F8D1005AC1D8 /* Sources */ = {
			isa = PBXSourcesBuildPhase;
			buildActionMask = 2147483647;
			files = (
				724E339A1D1722850007E8CA /* GameSystem.cpp in Sources */,
				724E33C91D1872950007E8CA /* ScriptClass.cpp in Sources */,
				724E33C81D1872950007E8CA /* ClangUtil.cpp in Sources */,
				724E33991D1722850007E8CA /* GameObject.cpp in Sources */,
				724E339B1D1722850007E8CA /* GameWorld.cpp in Sources */,
				724E33981D1722850007E8CA /* GameIDHelper.cpp in Sources */,
				727734881D0C731D005AC1D8 /* LogicTests.cpp in Sources */,
				72772F461D05F8D1005AC1D8 /* main.cpp in Sources */,
				7241D1A01D0DAE0C00A3AEBB /* Timer.cpp in Sources */,
				724E33E21D19D7750007E8CA /* ScriptingTests.cpp in Sources */,
				7277348B1D0C76BD005AC1D8 /* UnitTest.cpp in Sources */,
				7241D19B1D0DAB4A00A3AEBB /* TimeTest.cpp in Sources */,
				726DFCED1D207A2600C862B7 /* TypeIndexList.cpp in Sources */,
				724E33E41D1F21A50007E8CA /* mainTypeToIndex.cpp in Sources */,
				724E33CA1D1872950007E8CA /* ScriptParser.cpp in Sources */,
				724E33BC1D1749F10007E8CA /* Bitset.cpp in Sources */,
				7241D1981D0DAA6C00A3AEBB /* PerformanceTests.cpp in Sources */,
				724E33CB1D1872950007E8CA /* ScriptWorld.cpp in Sources */,
			);
			runOnlyForDeploymentPostprocessing = 0;
		};
/* End PBXSourcesBuildPhase section */

/* Begin XCBuildConfiguration section */
		72772F471D05F8D1005AC1D8 /* Debug */ = {
			isa = XCBuildConfiguration;
			buildSettings = {
				ALWAYS_SEARCH_USER_PATHS = NO;
				CLANG_CXX_LANGUAGE_STANDARD = "gnu++0x";
				CLANG_CXX_LIBRARY = "libc++";
				CLANG_ENABLE_MODULES = YES;
				CLANG_ENABLE_OBJC_ARC = YES;
				CLANG_WARN_BOOL_CONVERSION = YES;
				CLANG_WARN_CONSTANT_CONVERSION = YES;
				CLANG_WARN_DIRECT_OBJC_ISA_USAGE = YES_ERROR;
				CLANG_WARN_EMPTY_BODY = YES;
				CLANG_WARN_ENUM_CONVERSION = YES;
				CLANG_WARN_INT_CONVERSION = YES;
				CLANG_WARN_OBJC_ROOT_CLASS = YES_ERROR;
				CLANG_WARN_UNREACHABLE_CODE = YES;
				CLANG_WARN__DUPLICATE_METHOD_MATCH = YES;
				CODE_SIGN_IDENTITY = "-";
				COPY_PHASE_STRIP = NO;
				DEBUG_INFORMATION_FORMAT = dwarf;
				ENABLE_STRICT_OBJC_MSGSEND = YES;
				ENABLE_TESTABILITY = YES;
				GCC_C_LANGUAGE_STANDARD = gnu99;
				GCC_DYNAMIC_NO_PIC = NO;
				GCC_NO_COMMON_BLOCKS = YES;
				GCC_OPTIMIZATION_LEVEL = 0;
				GCC_PREPROCESSOR_DEFINITIONS = (
					"DEBUG=1",
					"$(inherited)",
				);
				GCC_WARN_64_TO_32_BIT_CONVERSION = YES;
				GCC_WARN_ABOUT_RETURN_TYPE = YES_ERROR;
				GCC_WARN_UNDECLARED_SELECTOR = YES;
				GCC_WARN_UNINITIALIZED_AUTOS = YES_AGGRESSIVE;
				GCC_WARN_UNUSED_FUNCTION = YES;
				GCC_WARN_UNUSED_VARIABLE = YES;
				MACOSX_DEPLOYMENT_TARGET = 10.10;
				MTL_ENABLE_DEBUG_INFO = YES;
				ONLY_ACTIVE_ARCH = YES;
				SDKROOT = macosx;
			};
			name = Debug;
		};
		72772F481D05F8D1005AC1D8 /* Release */ = {
			isa = XCBuildConfiguration;
			buildSettings = {
				ALWAYS_SEARCH_USER_PATHS = NO;
				CLANG_CXX_LANGUAGE_STANDARD = "gnu++0x";
				CLANG_CXX_LIBRARY = "libc++";
				CLANG_ENABLE_MODULES = YES;
				CLANG_ENABLE_OBJC_ARC = YES;
				CLANG_WARN_BOOL_CONVERSION = YES;
				CLANG_WARN_CONSTANT_CONVERSION = YES;
				CLANG_WARN_DIRECT_OBJC_ISA_USAGE = YES_ERROR;
				CLANG_WARN_EMPTY_BODY = YES;
				CLANG_WARN_ENUM_CONVERSION = YES;
				CLANG_WARN_INT_CONVERSION = YES;
				CLANG_WARN_OBJC_ROOT_CLASS = YES_ERROR;
				CLANG_WARN_UNREACHABLE_CODE = YES;
				CLANG_WARN__DUPLICATE_METHOD_MATCH = YES;
				CODE_SIGN_IDENTITY = "-";
				COPY_PHASE_STRIP = NO;
				DEBUG_INFORMATION_FORMAT = "dwarf-with-dsym";
				ENABLE_NS_ASSERTIONS = NO;
				ENABLE_STRICT_OBJC_MSGSEND = YES;
				GCC_C_LANGUAGE_STANDARD = gnu99;
				GCC_NO_COMMON_BLOCKS = YES;
				GCC_WARN_64_TO_32_BIT_CONVERSION = YES;
				GCC_WARN_ABOUT_RETURN_TYPE = YES_ERROR;
				GCC_WARN_UNDECLARED_SELECTOR = YES;
				GCC_WARN_UNINITIALIZED_AUTOS = YES_AGGRESSIVE;
				GCC_WARN_UNUSED_FUNCTION = YES;
				GCC_WARN_UNUSED_VARIABLE = YES;
				MACOSX_DEPLOYMENT_TARGET = 10.10;
				MTL_ENABLE_DEBUG_INFO = NO;
				SDKROOT = macosx;
			};
			name = Release;
		};
		72772F4A1D05F8D1005AC1D8 /* Debug */ = {
			isa = XCBuildConfiguration;
			buildSettings = {
				CLANG_CXX_LANGUAGE_STANDARD = "gnu++14";
				DEBUG_INFORMATION_FORMAT = dwarf;
				GCC_OPTIMIZATION_LEVEL = 0;
				HEADER_SEARCH_PATHS = "/Users/Jeppe/Downloads/clang+llvm-3.7.0-x86_64-apple-darwin/include";
				LIBRARY_SEARCH_PATHS = (
					"$(inherited)",
					"$(PROJECT_DIR)/EntitySystem/Libs",
				);
				PRODUCT_NAME = "$(TARGET_NAME)";
			};
			name = Debug;
		};
		72772F4B1D05F8D1005AC1D8 /* Release */ = {
			isa = XCBuildConfiguration;
			buildSettings = {
				CLANG_CXX_LANGUAGE_STANDARD = "gnu++14";
				HEADER_SEARCH_PATHS = "/Users/Jeppe/Downloads/clang+llvm-3.7.0-x86_64-apple-darwin/include";
				LIBRARY_SEARCH_PATHS = (
					"$(inherited)",
					"$(PROJECT_DIR)/EntitySystem/Libs",
				);
				PRODUCT_NAME = "$(TARGET_NAME)";
			};
			name = Release;
		};
/* End XCBuildConfiguration section */

/* Begin XCConfigurationList section */
		72772F3D1D05F8D1005AC1D8 /* Build configuration list for PBXProject "EntitySystem" */ = {
			isa = XCConfigurationList;
			buildConfigurations = (
				72772F471D05F8D1005AC1D8 /* Debug */,
				72772F481D05F8D1005AC1D8 /* Release */,
			);
			defaultConfigurationIsVisible = 0;
			defaultConfigurationName = Release;
		};
		72772F491D05F8D1005AC1D8 /* Build configuration list for PBXNativeTarget "EntitySystem" */ = {
			isa = XCConfigurationList;
			buildConfigurations = (
				72772F4A1D05F8D1005AC1D8 /* Debug */,
				72772F4B1D05F8D1005AC1D8 /* Release */,
			);
			defaultConfigurationIsVisible = 0;
			defaultConfigurationName = Release;
		};
/* End XCConfigurationList section */
	};
	rootObject = 72772F3A1D05F8D1005AC1D8 /* Project object */;
}
